
Microsoft Visual Studio Solution File, Format Version 12.00
# Visual Studio Version 17
VisualStudioVersion = 17.9.34622.214
MinimumVisualStudioVersion = 10.0.40219.1
Project("{FAE04EC0-301F-11D3-BF4B-00C04F79EFBC}") = "VehicleWeb", "VehicleWeb\VehicleWeb.csproj", "{0048EB93-D4F9-4FB8-A1DB-897D25961098}"
EndProject
Project("{FAE04EC0-301F-11D3-BF4B-00C04F79EFBC}") = "Domain", "Domain\Domain.csproj", "{0B82CF25-FC5C-47F0-9800-87D94E99963E}"
EndProject
Project("{FAE04EC0-301F-11D3-BF4B-00C04F79EFBC}") = "VehicleReposiotry", "VehicleReposiotry\VehicleReposiotry.csproj", "{C7FABA88-A0C6-44E4-8E1D-6433AC2F6F48}"
EndProject
Project("{FAE04EC0-301F-11D3-BF4B-00C04F79EFBC}") = "VehicleServices", "VehicleServices\VehicleServices.csproj", "{C374DD14-FCA1-4BA0-8802-E5EC6A1F8771}"
EndProject
Global
	GlobalSection(SolutionConfigurationPlatforms) = preSolution
		Debug|Any CPU = Debug|Any CPU
		Release|Any CPU = Release|Any CPU
	EndGlobalSection
	GlobalSection(ProjectConfigurationPlatforms) = postSolution
		{0048EB93-D4F9-4FB8-A1DB-897D25961098}.Debug|Any CPU.ActiveCfg = Debug|Any CPU
		{0048EB93-D4F9-4FB8-A1DB-897D25961098}.Debug|Any CPU.Build.0 = Debug|Any CPU
		{0048EB93-D4F9-4FB8-A1DB-897D25961098}.Release|Any CPU.ActiveCfg = Release|Any CPU
		{0048EB93-D4F9-4FB8-A1DB-897D25961098}.Release|Any CPU.Build.0 = Release|Any CPU
		{0B82CF25-FC5C-47F0-9800-87D94E99963E}.Debug|Any CPU.ActiveCfg = Debug|Any CPU
		{0B82CF25-FC5C-47F0-9800-87D94E99963E}.Debug|Any CPU.Build.0 = Debug|Any CPU
		{0B82CF25-FC5C-47F0-9800-87D94E99963E}.Release|Any CPU.ActiveCfg = Release|Any CPU
		{0B82CF25-FC5C-47F0-9800-87D94E99963E}.Release|Any CPU.Build.0 = Release|Any CPU
		{C7FABA88-A0C6-44E4-8E1D-6433AC2F6F48}.Debug|Any CPU.ActiveCfg = Debug|Any CPU
		{C7FABA88-A0C6-44E4-8E1D-6433AC2F6F48}.Debug|Any CPU.Build.0 = Debug|Any CPU
		{C7FABA88-A0C6-44E4-8E1D-6433AC2F6F48}.Release|Any CPU.ActiveCfg = Release|Any CPU
		{C7FABA88-A0C6-44E4-8E1D-6433AC2F6F48}.Release|Any CPU.Build.0 = Release|Any CPU
		{C374DD14-FCA1-4BA0-8802-E5EC6A1F8771}.Debug|Any CPU.ActiveCfg = Debug|Any CPU
		{C374DD14-FCA1-4BA0-8802-E5EC6A1F8771}.Debug|Any CPU.Build.0 = Debug|Any CPU
		{C374DD14-FCA1-4BA0-8802-E5EC6A1F8771}.Release|Any CPU.ActiveCfg = Release|Any CPU
		{C374DD14-FCA1-4BA0-8802-E5EC6A1F8771}.Release|Any CPU.Build.0 = Release|Any CPU
	EndGlobalSection
	GlobalSection(SolutionProperties) = preSolution
		HideSolutionNode = FALSE
	EndGlobalSection
	GlobalSection(ExtensibilityGlobals) = postSolution
		SolutionGuid = {DF74C40A-191E-4664-83C9-3A4C71EE989D}
	EndGlobalSection
EndGlobal
